
Microsoft Visual Studio Solution File, Format Version 12.00
# Visual Studio Version 16
VisualStudioVersion = 16.0.29920.165
MinimumVisualStudioVersion = 10.0.40219.1
Project("{FAE04EC0-301F-11D3-BF4B-00C04F79EFBC}") = "TPAY.ObslugaTPay", "ObslugaTPay\TPAY.ObslugaTPay.csproj", "{BB666EE1-093B-4A61-89AA-304F193BDFDD}"
EndProject
Project("{9A19103F-16F7-4668-BE54-9A1E7A4F7556}") = "TPAY.ObslugaTPay.Tests", "ObsługaTPay.Tests\TPAY.ObslugaTPay.Tests.csproj", "{EFD80D8C-EE4A-4327-83CF-74F4B9F1A318}"
EndProject
Global
	GlobalSection(SolutionConfigurationPlatforms) = preSolution
		Debug|Any CPU = Debug|Any CPU
		Release|Any CPU = Release|Any CPU
	EndGlobalSection
	GlobalSection(ProjectConfigurationPlatforms) = postSolution
		{BB666EE1-093B-4A61-89AA-304F193BDFDD}.Debug|Any CPU.ActiveCfg = Debug|Any CPU
		{BB666EE1-093B-4A61-89AA-304F193BDFDD}.Debug|Any CPU.Build.0 = Debug|Any CPU
		{BB666EE1-093B-4A61-89AA-304F193BDFDD}.Release|Any CPU.ActiveCfg = Release|Any CPU
		{BB666EE1-093B-4A61-89AA-304F193BDFDD}.Release|Any CPU.Build.0 = Release|Any CPU
		{EFD80D8C-EE4A-4327-83CF-74F4B9F1A318}.Debug|Any CPU.ActiveCfg = Debug|Any CPU
		{EFD80D8C-EE4A-4327-83CF-74F4B9F1A318}.Debug|Any CPU.Build.0 = Debug|Any CPU
		{EFD80D8C-EE4A-4327-83CF-74F4B9F1A318}.Release|Any CPU.ActiveCfg = Release|Any CPU
		{EFD80D8C-EE4A-4327-83CF-74F4B9F1A318}.Release|Any CPU.Build.0 = Release|Any CPU
	EndGlobalSection
	GlobalSection(SolutionProperties) = preSolution
		HideSolutionNode = FALSE
	EndGlobalSection
	GlobalSection(ExtensibilityGlobals) = postSolution
		SolutionGuid = {56375223-B567-42CF-8B41-FF611832C2EA}
	EndGlobalSection
EndGlobal
